
Microsoft Visual Studio Solution File, Format Version 12.00
# Visual Studio Version 16
VisualStudioVersion = 16.0.30907.101
MinimumVisualStudioVersion = 10.0.40219.1
Project("{9A19103F-16F7-4668-BE54-9A1E7A4F7556}") = "HospitalRun", "AuthorizationPageTests\HospitalRun.csproj", "{9A5E6126-42B7-49E2-9C58-CCD911223541}"
EndProject
Global
	GlobalSection(SolutionConfigurationPlatforms) = preSolution
		Debug|Any CPU = Debug|Any CPU
		Release|Any CPU = Release|Any CPU
	EndGlobalSection
	GlobalSection(ProjectConfigurationPlatforms) = postSolution
		{9A5E6126-42B7-49E2-9C58-CCD911223541}.Debug|Any CPU.ActiveCfg = Debug|Any CPU
		{9A5E6126-42B7-49E2-9C58-CCD911223541}.Debug|Any CPU.Build.0 = Debug|Any CPU
		{9A5E6126-42B7-49E2-9C58-CCD911223541}.Release|Any CPU.ActiveCfg = Release|Any CPU
		{9A5E6126-42B7-49E2-9C58-CCD911223541}.Release|Any CPU.Build.0 = Release|Any CPU
	EndGlobalSection
	GlobalSection(SolutionProperties) = preSolution
		HideSolutionNode = FALSE
	EndGlobalSection
	GlobalSection(ExtensibilityGlobals) = postSolution
		SolutionGuid = {35246254-73A8-4371-B3A2-35F9DFEE228A}
	EndGlobalSection
EndGlobal
